
Microsoft Visual Studio Solution File, Format Version 12.00
# Visual Studio 14
VisualStudioVersion = 14.0.25420.1
MinimumVisualStudioVersion = 10.0.40219.1
Project("{FAE04EC0-301F-11D3-BF4B-00C04F79EFBC}") = "Day2", "Day2\Day2.csproj", "{6364B990-49AB-4732-9945-30DA754A3244}"
EndProject
Project("{FAE04EC0-301F-11D3-BF4B-00C04F79EFBC}") = "Day1", "Day1\Day1.csproj", "{86562E33-811D-4E72-9346-13292C11AE25}"
EndProject
Project("{FAE04EC0-301F-11D3-BF4B-00C04F79EFBC}") = "Day3", "Day3\Day3.csproj", "{74B584A5-B47B-4517-B193-5C93EA312BCB}"
EndProject
Project("{FAE04EC0-301F-11D3-BF4B-00C04F79EFBC}") = "Day4", "Day4\Day4.csproj", "{2ECEF15D-B01F-48C0-9D89-C46F46DFD439}"
EndProject
Project("{FAE04EC0-301F-11D3-BF4B-00C04F79EFBC}") = "Day5", "Day5\Day5.csproj", "{1CB36A8E-1E72-489C-ADBD-826806029541}"
EndProject
Project("{FAE04EC0-301F-11D3-BF4B-00C04F79EFBC}") = "Day6", "Day6\Day6.csproj", "{6C9293DF-6B24-44D1-A98C-34AD3A4FE4C8}"
EndProject
Project("{FAE04EC0-301F-11D3-BF4B-00C04F79EFBC}") = "Day7", "Day7\Day7.csproj", "{29EE232C-7254-44FD-B447-BC32367A812A}"
EndProject
Project("{FAE04EC0-301F-11D3-BF4B-00C04F79EFBC}") = "Day8", "Day8\Day8.csproj", "{33141987-79B1-4265-810E-A5F8CD724810}"
EndProject
Project("{FAE04EC0-301F-11D3-BF4B-00C04F79EFBC}") = "Day9", "Day9\Day9.csproj", "{0B64CB9A-5A83-48A0-8B9D-0ABC90D57EFD}"
EndProject
Project("{FAE04EC0-301F-11D3-BF4B-00C04F79EFBC}") = "Day10", "Day10\Day10.csproj", "{D1626628-5B23-4FD9-BEFC-7EDFBFFBE8D3}"
EndProject
Project("{FAE04EC0-301F-11D3-BF4B-00C04F79EFBC}") = "Day11", "Day11\Day11.csproj", "{FD84C7E9-688D-49E7-B9DA-1BF882320AA9}"
EndProject
Project("{FAE04EC0-301F-11D3-BF4B-00C04F79EFBC}") = "Day12", "Day12\Day12.csproj", "{C4A28867-3295-4344-A67F-49C2CC591909}"
EndProject
Project("{FAE04EC0-301F-11D3-BF4B-00C04F79EFBC}") = "Day13", "Day13\Day13.csproj", "{44C56FF5-BCBC-4B32-AC7D-0EA91A495709}"
EndProject
Project("{FAE04EC0-301F-11D3-BF4B-00C04F79EFBC}") = "Day14", "Day14\Day14.csproj", "{48C5BDAB-0999-4F7A-A45D-E652140176AC}"
EndProject
Project("{FAE04EC0-301F-11D3-BF4B-00C04F79EFBC}") = "Day15", "Day15\Day15.csproj", "{720BC048-50CC-4A35-BA0D-A49F00748EEA}"
EndProject
Global
	GlobalSection(SolutionConfigurationPlatforms) = preSolution
		Debug|Any CPU = Debug|Any CPU
		Release|Any CPU = Release|Any CPU
	EndGlobalSection
	GlobalSection(ProjectConfigurationPlatforms) = postSolution
		{6364B990-49AB-4732-9945-30DA754A3244}.Debug|Any CPU.ActiveCfg = Debug|Any CPU
		{6364B990-49AB-4732-9945-30DA754A3244}.Debug|Any CPU.Build.0 = Debug|Any CPU
		{6364B990-49AB-4732-9945-30DA754A3244}.Release|Any CPU.ActiveCfg = Release|Any CPU
		{6364B990-49AB-4732-9945-30DA754A3244}.Release|Any CPU.Build.0 = Release|Any CPU
		{86562E33-811D-4E72-9346-13292C11AE25}.Debug|Any CPU.ActiveCfg = Debug|Any CPU
		{86562E33-811D-4E72-9346-13292C11AE25}.Debug|Any CPU.Build.0 = Debug|Any CPU
		{86562E33-811D-4E72-9346-13292C11AE25}.Release|Any CPU.ActiveCfg = Release|Any CPU
		{86562E33-811D-4E72-9346-13292C11AE25}.Release|Any CPU.Build.0 = Release|Any CPU
		{74B584A5-B47B-4517-B193-5C93EA312BCB}.Debug|Any CPU.ActiveCfg = Debug|Any CPU
		{74B584A5-B47B-4517-B193-5C93EA312BCB}.Debug|Any CPU.Build.0 = Debug|Any CPU
		{74B584A5-B47B-4517-B193-5C93EA312BCB}.Release|Any CPU.ActiveCfg = Release|Any CPU
		{74B584A5-B47B-4517-B193-5C93EA312BCB}.Release|Any CPU.Build.0 = Release|Any CPU
		{2ECEF15D-B01F-48C0-9D89-C46F46DFD439}.Debug|Any CPU.ActiveCfg = Debug|Any CPU
		{2ECEF15D-B01F-48C0-9D89-C46F46DFD439}.Debug|Any CPU.Build.0 = Debug|Any CPU
		{2ECEF15D-B01F-48C0-9D89-C46F46DFD439}.Release|Any CPU.ActiveCfg = Release|Any CPU
		{2ECEF15D-B01F-48C0-9D89-C46F46DFD439}.Release|Any CPU.Build.0 = Release|Any CPU
		{1CB36A8E-1E72-489C-ADBD-826806029541}.Debug|Any CPU.ActiveCfg = Debug|Any CPU
		{1CB36A8E-1E72-489C-ADBD-826806029541}.Debug|Any CPU.Build.0 = Debug|Any CPU
		{1CB36A8E-1E72-489C-ADBD-826806029541}.Release|Any CPU.ActiveCfg = Release|Any CPU
		{1CB36A8E-1E72-489C-ADBD-826806029541}.Release|Any CPU.Build.0 = Release|Any CPU
		{6C9293DF-6B24-44D1-A98C-34AD3A4FE4C8}.Debug|Any CPU.ActiveCfg = Debug|Any CPU
		{6C9293DF-6B24-44D1-A98C-34AD3A4FE4C8}.Debug|Any CPU.Build.0 = Debug|Any CPU
		{6C9293DF-6B24-44D1-A98C-34AD3A4FE4C8}.Release|Any CPU.ActiveCfg = Release|Any CPU
		{6C9293DF-6B24-44D1-A98C-34AD3A4FE4C8}.Release|Any CPU.Build.0 = Release|Any CPU
		{29EE232C-7254-44FD-B447-BC32367A812A}.Debug|Any CPU.ActiveCfg = Debug|Any CPU
		{29EE232C-7254-44FD-B447-BC32367A812A}.Debug|Any CPU.Build.0 = Debug|Any CPU
		{29EE232C-7254-44FD-B447-BC32367A812A}.Release|Any CPU.ActiveCfg = Release|Any CPU
		{29EE232C-7254-44FD-B447-BC32367A812A}.Release|Any CPU.Build.0 = Release|Any CPU
		{33141987-79B1-4265-810E-A5F8CD724810}.Debug|Any CPU.ActiveCfg = Debug|Any CPU
		{33141987-79B1-4265-810E-A5F8CD724810}.Debug|Any CPU.Build.0 = Debug|Any CPU
		{33141987-79B1-4265-810E-A5F8CD724810}.Release|Any CPU.ActiveCfg = Release|Any CPU
		{33141987-79B1-4265-810E-A5F8CD724810}.Release|Any CPU.Build.0 = Release|Any CPU
		{0B64CB9A-5A83-48A0-8B9D-0ABC90D57EFD}.Debug|Any CPU.ActiveCfg = Debug|Any CPU
		{0B64CB9A-5A83-48A0-8B9D-0ABC90D57EFD}.Debug|Any CPU.Build.0 = Debug|Any CPU
		{0B64CB9A-5A83-48A0-8B9D-0ABC90D57EFD}.Release|Any CPU.ActiveCfg = Release|Any CPU
		{0B64CB9A-5A83-48A0-8B9D-0ABC90D57EFD}.Release|Any CPU.Build.0 = Release|Any CPU
		{D1626628-5B23-4FD9-BEFC-7EDFBFFBE8D3}.Debug|Any CPU.ActiveCfg = Debug|Any CPU
		{D1626628-5B23-4FD9-BEFC-7EDFBFFBE8D3}.Debug|Any CPU.Build.0 = Debug|Any CPU
		{D1626628-5B23-4FD9-BEFC-7EDFBFFBE8D3}.Release|Any CPU.ActiveCfg = Release|Any CPU
		{D1626628-5B23-4FD9-BEFC-7EDFBFFBE8D3}.Release|Any CPU.Build.0 = Release|Any CPU
		{FD84C7E9-688D-49E7-B9DA-1BF882320AA9}.Debug|Any CPU.ActiveCfg = Debug|Any CPU
		{FD84C7E9-688D-49E7-B9DA-1BF882320AA9}.Debug|Any CPU.Build.0 = Debug|Any CPU
		{FD84C7E9-688D-49E7-B9DA-1BF882320AA9}.Release|Any CPU.ActiveCfg = Release|Any CPU
		{FD84C7E9-688D-49E7-B9DA-1BF882320AA9}.Release|Any CPU.Build.0 = Release|Any CPU
		{C4A28867-3295-4344-A67F-49C2CC591909}.Debug|Any CPU.ActiveCfg = Debug|Any CPU
		{C4A28867-3295-4344-A67F-49C2CC591909}.Debug|Any CPU.Build.0 = Debug|Any CPU
		{C4A28867-3295-4344-A67F-49C2CC591909}.Release|Any CPU.ActiveCfg = Release|Any CPU
		{C4A28867-3295-4344-A67F-49C2CC591909}.Release|Any CPU.Build.0 = Release|Any CPU
		{44C56FF5-BCBC-4B32-AC7D-0EA91A495709}.Debug|Any CPU.ActiveCfg = Debug|Any CPU
		{44C56FF5-BCBC-4B32-AC7D-0EA91A495709}.Debug|Any CPU.Build.0 = Debug|Any CPU
		{44C56FF5-BCBC-4B32-AC7D-0EA91A495709}.Release|Any CPU.ActiveCfg = Release|Any CPU
		{44C56FF5-BCBC-4B32-AC7D-0EA91A495709}.Release|Any CPU.Build.0 = Release|Any CPU
		{48C5BDAB-0999-4F7A-A45D-E652140176AC}.Debug|Any CPU.ActiveCfg = Debug|Any CPU
		{48C5BDAB-0999-4F7A-A45D-E652140176AC}.Debug|Any CPU.Build.0 = Debug|Any CPU
		{48C5BDAB-0999-4F7A-A45D-E652140176AC}.Release|Any CPU.ActiveCfg = Release|Any CPU
		{48C5BDAB-0999-4F7A-A45D-E652140176AC}.Release|Any CPU.Build.0 = Release|Any CPU
		{720BC048-50CC-4A35-BA0D-A49F00748EEA}.Debug|Any CPU.ActiveCfg = Debug|Any CPU
		{720BC048-50CC-4A35-BA0D-A49F00748EEA}.Debug|Any CPU.Build.0 = Debug|Any CPU
		{720BC048-50CC-4A35-BA0D-A49F00748EEA}.Release|Any CPU.ActiveCfg = Release|Any CPU
		{720BC048-50CC-4A35-BA0D-A49F00748EEA}.Release|Any CPU.Build.0 = Release|Any CPU
	EndGlobalSection
	GlobalSection(SolutionProperties) = preSolution
		HideSolutionNode = FALSE
	EndGlobalSection
EndGlobal
