
Microsoft Visual Studio Solution File, Format Version 12.00
# Visual Studio 14
VisualStudioVersion = 14.0.25420.1
MinimumVisualStudioVersion = 10.0.40219.1
Project("{FAE04EC0-301F-11D3-BF4B-00C04F79EFBC}") = "Day2", "Day2\Day2.csproj", "{6364B990-49AB-4732-9945-30DA754A3244}"
EndProject
Project("{FAE04EC0-301F-11D3-BF4B-00C04F79EFBC}") = "Day1", "Day1\Day1.csproj", "{86562E33-811D-4E72-9346-13292C11AE25}"
EndProject
Project("{FAE04EC0-301F-11D3-BF4B-00C04F79EFBC}") = "Day3", "Day3\Day3.csproj", "{74B584A5-B47B-4517-B193-5C93EA312BCB}"
EndProject
Project("{FAE04EC0-301F-11D3-BF4B-00C04F79EFBC}") = "Day4", "Day4\Day4.csproj", "{2ECEF15D-B01F-48C0-9D89-C46F46DFD439}"
EndProject
Project("{FAE04EC0-301F-11D3-BF4B-00C04F79EFBC}") = "Day5", "Day5\Day5.csproj", "{1CB36A8E-1E72-489C-ADBD-826806029541}"
EndProject
Project("{FAE04EC0-301F-11D3-BF4B-00C04F79EFBC}") = "Day6", "Day6\Day6.csproj", "{6C9293DF-6B24-44D1-A98C-34AD3A4FE4C8}"
EndProject
Project("{FAE04EC0-301F-11D3-BF4B-00C04F79EFBC}") = "Day7", "Day7\Day7.csproj", "{29EE232C-7254-44FD-B447-BC32367A812A}"
EndProject
Project("{FAE04EC0-301F-11D3-BF4B-00C04F79EFBC}") = "Day8", "Day8\Day8.csproj", "{33141987-79B1-4265-810E-A5F8CD724810}"
EndProject
Project("{FAE04EC0-301F-11D3-BF4B-00C04F79EFBC}") = "Day9", "Day9\Day9.csproj", "{0B64CB9A-5A83-48A0-8B9D-0ABC90D57EFD}"
EndProject
Global
	GlobalSection(SolutionConfigurationPlatforms) = preSolution
		Debug|Any CPU = Debug|Any CPU
		Release|Any CPU = Release|Any CPU
	EndGlobalSection
	GlobalSection(ProjectConfigurationPlatforms) = postSolution
		{6364B990-49AB-4732-9945-30DA754A3244}.Debug|Any CPU.ActiveCfg = Debug|Any CPU
		{6364B990-49AB-4732-9945-30DA754A3244}.Debug|Any CPU.Build.0 = Debug|Any CPU
		{6364B990-49AB-4732-9945-30DA754A3244}.Release|Any CPU.ActiveCfg = Release|Any CPU
		{6364B990-49AB-4732-9945-30DA754A3244}.Release|Any CPU.Build.0 = Release|Any CPU
		{86562E33-811D-4E72-9346-13292C11AE25}.Debug|Any CPU.ActiveCfg = Debug|Any CPU
		{86562E33-811D-4E72-9346-13292C11AE25}.Debug|Any CPU.Build.0 = Debug|Any CPU
		{86562E33-811D-4E72-9346-13292C11AE25}.Release|Any CPU.ActiveCfg = Release|Any CPU
		{86562E33-811D-4E72-9346-13292C11AE25}.Release|Any CPU.Build.0 = Release|Any CPU
		{74B584A5-B47B-4517-B193-5C93EA312BCB}.Debug|Any CPU.ActiveCfg = Debug|Any CPU
		{74B584A5-B47B-4517-B193-5C93EA312BCB}.Debug|Any CPU.Build.0 = Debug|Any CPU
		{74B584A5-B47B-4517-B193-5C93EA312BCB}.Release|Any CPU.ActiveCfg = Release|Any CPU
		{74B584A5-B47B-4517-B193-5C93EA312BCB}.Release|Any CPU.Build.0 = Release|Any CPU
		{2ECEF15D-B01F-48C0-9D89-C46F46DFD439}.Debug|Any CPU.ActiveCfg = Debug|Any CPU
		{2ECEF15D-B01F-48C0-9D89-C46F46DFD439}.Debug|Any CPU.Build.0 = Debug|Any CPU
		{2ECEF15D-B01F-48C0-9D89-C46F46DFD439}.Release|Any CPU.ActiveCfg = Release|Any CPU
		{2ECEF15D-B01F-48C0-9D89-C46F46DFD439}.Release|Any CPU.Build.0 = Release|Any CPU
		{1CB36A8E-1E72-489C-ADBD-826806029541}.Debug|Any CPU.ActiveCfg = Debug|Any CPU
		{1CB36A8E-1E72-489C-ADBD-826806029541}.Debug|Any CPU.Build.0 = Debug|Any CPU
		{1CB36A8E-1E72-489C-ADBD-826806029541}.Release|Any CPU.ActiveCfg = Release|Any CPU
		{1CB36A8E-1E72-489C-ADBD-826806029541}.Release|Any CPU.Build.0 = Release|Any CPU
		{6C9293DF-6B24-44D1-A98C-34AD3A4FE4C8}.Debug|Any CPU.ActiveCfg = Debug|Any CPU
		{6C9293DF-6B24-44D1-A98C-34AD3A4FE4C8}.Debug|Any CPU.Build.0 = Debug|Any CPU
		{6C9293DF-6B24-44D1-A98C-34AD3A4FE4C8}.Release|Any CPU.ActiveCfg = Release|Any CPU
		{6C9293DF-6B24-44D1-A98C-34AD3A4FE4C8}.Release|Any CPU.Build.0 = Release|Any CPU
		{29EE232C-7254-44FD-B447-BC32367A812A}.Debug|Any CPU.ActiveCfg = Debug|Any CPU
		{29EE232C-7254-44FD-B447-BC32367A812A}.Debug|Any CPU.Build.0 = Debug|Any CPU
		{29EE232C-7254-44FD-B447-BC32367A812A}.Release|Any CPU.ActiveCfg = Release|Any CPU
		{29EE232C-7254-44FD-B447-BC32367A812A}.Release|Any CPU.Build.0 = Release|Any CPU
		{33141987-79B1-4265-810E-A5F8CD724810}.Debug|Any CPU.ActiveCfg = Debug|Any CPU
		{33141987-79B1-4265-810E-A5F8CD724810}.Debug|Any CPU.Build.0 = Debug|Any CPU
		{33141987-79B1-4265-810E-A5F8CD724810}.Release|Any CPU.ActiveCfg = Release|Any CPU
		{33141987-79B1-4265-810E-A5F8CD724810}.Release|Any CPU.Build.0 = Release|Any CPU
		{0B64CB9A-5A83-48A0-8B9D-0ABC90D57EFD}.Debug|Any CPU.ActiveCfg = Debug|Any CPU
		{0B64CB9A-5A83-48A0-8B9D-0ABC90D57EFD}.Debug|Any CPU.Build.0 = Debug|Any CPU
		{0B64CB9A-5A83-48A0-8B9D-0ABC90D57EFD}.Release|Any CPU.ActiveCfg = Release|Any CPU
		{0B64CB9A-5A83-48A0-8B9D-0ABC90D57EFD}.Release|Any CPU.Build.0 = Release|Any CPU
	EndGlobalSection
	GlobalSection(SolutionProperties) = preSolution
		HideSolutionNode = FALSE
	EndGlobalSection
EndGlobal
